
Microsoft Visual Studio Solution File, Format Version 12.00
# Visual Studio 2013
VisualStudioVersion = 12.0.21005.1
MinimumVisualStudioVersion = 10.0.40219.1
Project("{FAE04EC0-301F-11D3-BF4B-00C04F79EFBC}") = "Forum.Domain", "Forum.Domain\Forum.Domain.csproj", "{5A4055C3-89BC-4149-8A6D-06CE985080C9}"
EndProject
Project("{2150E333-8FDC-42A3-9474-1A3956D46DE8}") = "Scripts", "Scripts", "{E84533C2-AD28-4E65-AD8A-5A57953D9BF7}"
	ProjectSection(SolutionItems) = preProject
		Scripts\SetupQueryDB.sql = Scripts\SetupQueryDB.sql
	EndProjectSection
EndProject
Project("{FAE04EC0-301F-11D3-BF4B-00C04F79EFBC}") = "Forum.Denormalizers.Dapper", "Forum.Denormalizers.Dapper\Forum.Denormalizers.Dapper.csproj", "{433DD072-0748-4440-BA1B-4A0D6E507D3B}"
EndProject
Project("{FAE04EC0-301F-11D3-BF4B-00C04F79EFBC}") = "Forum.Infrastructure", "Forum.Infrastructure\Forum.Infrastructure.csproj", "{86985782-8588-48DA-81AB-FFD3B855C73C}"
EndProject
Project("{FAE04EC0-301F-11D3-BF4B-00C04F79EFBC}") = "Forum.Commands", "Forum.Commands\Forum.Commands.csproj", "{7787EC6C-9CF3-401C-803A-B4DA2B0CA9EF}"
EndProject
Project("{FAE04EC0-301F-11D3-BF4B-00C04F79EFBC}") = "Forum.CommandHandlers", "Forum.CommandHandlers\Forum.CommandHandlers.csproj", "{985E2001-F607-44BF-A84B-31E9B7D89D0C}"
EndProject
Project("{FAE04EC0-301F-11D3-BF4B-00C04F79EFBC}") = "Forum.QueryServices", "Forum.QueryServices\Forum.QueryServices.csproj", "{A0BC4AE4-1CAB-4CBF-9BFB-5365F04C60CE}"
EndProject
Project("{FAE04EC0-301F-11D3-BF4B-00C04F79EFBC}") = "Forum.QueryServices.Dapper", "Forum.QueryServices.Dapper\Forum.QueryServices.Dapper.csproj", "{228E2C43-CD92-4B49-817D-3FBFBB9C50C4}"
EndProject
Project("{FAE04EC0-301F-11D3-BF4B-00C04F79EFBC}") = "Forum.Domain.Repositories.MongoDB", "Forum.Domain.Repositories.MongoDB\Forum.Domain.Repositories.MongoDB.csproj", "{F53755FD-A603-4D08-ABAB-B766D20DEB3B}"
EndProject
Project("{FAE04EC0-301F-11D3-BF4B-00C04F79EFBC}") = "Forum.Events", "Forum.Events\Forum.Events.csproj", "{20FEA974-92F2-4147-A597-7E88DC1562DB}"
EndProject
Project("{2150E333-8FDC-42A3-9474-1A3956D46DE8}") = "Tests", "Tests", "{4BC3D8CD-36FC-431C-9201-C1D070F0EC9E}"
EndProject
Project("{FAE04EC0-301F-11D3-BF4B-00C04F79EFBC}") = "Forum.Api", "Forum.Api\Forum.Api.csproj", "{215C3B08-5ED8-455C-8F44-CE928CAD6C5C}"
EndProject
Project("{2150E333-8FDC-42A3-9474-1A3956D46DE8}") = "Infrastructure", "Infrastructure", "{96B93DC0-8868-4785-8794-BC682110AE94}"
EndProject
Global
	GlobalSection(SolutionConfigurationPlatforms) = preSolution
		Debug|Any CPU = Debug|Any CPU
		Release|Any CPU = Release|Any CPU
	EndGlobalSection
	GlobalSection(ProjectConfigurationPlatforms) = postSolution
		{5A4055C3-89BC-4149-8A6D-06CE985080C9}.Debug|Any CPU.ActiveCfg = Debug|Any CPU
		{5A4055C3-89BC-4149-8A6D-06CE985080C9}.Debug|Any CPU.Build.0 = Debug|Any CPU
		{5A4055C3-89BC-4149-8A6D-06CE985080C9}.Release|Any CPU.ActiveCfg = Release|Any CPU
		{5A4055C3-89BC-4149-8A6D-06CE985080C9}.Release|Any CPU.Build.0 = Release|Any CPU
		{433DD072-0748-4440-BA1B-4A0D6E507D3B}.Debug|Any CPU.ActiveCfg = Debug|Any CPU
		{433DD072-0748-4440-BA1B-4A0D6E507D3B}.Debug|Any CPU.Build.0 = Debug|Any CPU
		{433DD072-0748-4440-BA1B-4A0D6E507D3B}.Release|Any CPU.ActiveCfg = Release|Any CPU
		{433DD072-0748-4440-BA1B-4A0D6E507D3B}.Release|Any CPU.Build.0 = Release|Any CPU
		{86985782-8588-48DA-81AB-FFD3B855C73C}.Debug|Any CPU.ActiveCfg = Debug|Any CPU
		{86985782-8588-48DA-81AB-FFD3B855C73C}.Debug|Any CPU.Build.0 = Debug|Any CPU
		{86985782-8588-48DA-81AB-FFD3B855C73C}.Release|Any CPU.ActiveCfg = Release|Any CPU
		{86985782-8588-48DA-81AB-FFD3B855C73C}.Release|Any CPU.Build.0 = Release|Any CPU
		{7787EC6C-9CF3-401C-803A-B4DA2B0CA9EF}.Debug|Any CPU.ActiveCfg = Debug|Any CPU
		{7787EC6C-9CF3-401C-803A-B4DA2B0CA9EF}.Debug|Any CPU.Build.0 = Debug|Any CPU
		{7787EC6C-9CF3-401C-803A-B4DA2B0CA9EF}.Release|Any CPU.ActiveCfg = Release|Any CPU
		{7787EC6C-9CF3-401C-803A-B4DA2B0CA9EF}.Release|Any CPU.Build.0 = Release|Any CPU
		{985E2001-F607-44BF-A84B-31E9B7D89D0C}.Debug|Any CPU.ActiveCfg = Debug|Any CPU
		{985E2001-F607-44BF-A84B-31E9B7D89D0C}.Debug|Any CPU.Build.0 = Debug|Any CPU
		{985E2001-F607-44BF-A84B-31E9B7D89D0C}.Release|Any CPU.ActiveCfg = Release|Any CPU
		{985E2001-F607-44BF-A84B-31E9B7D89D0C}.Release|Any CPU.Build.0 = Release|Any CPU
		{A0BC4AE4-1CAB-4CBF-9BFB-5365F04C60CE}.Debug|Any CPU.ActiveCfg = Debug|Any CPU
		{A0BC4AE4-1CAB-4CBF-9BFB-5365F04C60CE}.Debug|Any CPU.Build.0 = Debug|Any CPU
		{A0BC4AE4-1CAB-4CBF-9BFB-5365F04C60CE}.Release|Any CPU.ActiveCfg = Release|Any CPU
		{A0BC4AE4-1CAB-4CBF-9BFB-5365F04C60CE}.Release|Any CPU.Build.0 = Release|Any CPU
		{228E2C43-CD92-4B49-817D-3FBFBB9C50C4}.Debug|Any CPU.ActiveCfg = Debug|Any CPU
		{228E2C43-CD92-4B49-817D-3FBFBB9C50C4}.Debug|Any CPU.Build.0 = Debug|Any CPU
		{228E2C43-CD92-4B49-817D-3FBFBB9C50C4}.Release|Any CPU.ActiveCfg = Release|Any CPU
		{228E2C43-CD92-4B49-817D-3FBFBB9C50C4}.Release|Any CPU.Build.0 = Release|Any CPU
		{F53755FD-A603-4D08-ABAB-B766D20DEB3B}.Debug|Any CPU.ActiveCfg = Debug|Any CPU
		{F53755FD-A603-4D08-ABAB-B766D20DEB3B}.Debug|Any CPU.Build.0 = Debug|Any CPU
		{F53755FD-A603-4D08-ABAB-B766D20DEB3B}.Release|Any CPU.ActiveCfg = Release|Any CPU
		{F53755FD-A603-4D08-ABAB-B766D20DEB3B}.Release|Any CPU.Build.0 = Release|Any CPU
		{20FEA974-92F2-4147-A597-7E88DC1562DB}.Debug|Any CPU.ActiveCfg = Debug|Any CPU
		{20FEA974-92F2-4147-A597-7E88DC1562DB}.Debug|Any CPU.Build.0 = Debug|Any CPU
		{20FEA974-92F2-4147-A597-7E88DC1562DB}.Release|Any CPU.ActiveCfg = Release|Any CPU
		{20FEA974-92F2-4147-A597-7E88DC1562DB}.Release|Any CPU.Build.0 = Release|Any CPU
		{215C3B08-5ED8-455C-8F44-CE928CAD6C5C}.Debug|Any CPU.ActiveCfg = Debug|Any CPU
		{215C3B08-5ED8-455C-8F44-CE928CAD6C5C}.Debug|Any CPU.Build.0 = Debug|Any CPU
		{215C3B08-5ED8-455C-8F44-CE928CAD6C5C}.Release|Any CPU.ActiveCfg = Release|Any CPU
		{215C3B08-5ED8-455C-8F44-CE928CAD6C5C}.Release|Any CPU.Build.0 = Release|Any CPU
	EndGlobalSection
	GlobalSection(SolutionProperties) = preSolution
		HideSolutionNode = FALSE
	EndGlobalSection
	GlobalSection(NestedProjects) = preSolution
		{86985782-8588-48DA-81AB-FFD3B855C73C} = {96B93DC0-8868-4785-8794-BC682110AE94}
		{433DD072-0748-4440-BA1B-4A0D6E507D3B} = {96B93DC0-8868-4785-8794-BC682110AE94}
		{F53755FD-A603-4D08-ABAB-B766D20DEB3B} = {96B93DC0-8868-4785-8794-BC682110AE94}
		{228E2C43-CD92-4B49-817D-3FBFBB9C50C4} = {96B93DC0-8868-4785-8794-BC682110AE94}
	EndGlobalSection
EndGlobal
