
Microsoft Visual Studio Solution File, Format Version 12.00
# Visual Studio 2012
Project("{FAE04EC0-301F-11D3-BF4B-00C04F79EFBC}") = "Forum.Domain", "Forum.Domain\Forum.Domain.csproj", "{5A4055C3-89BC-4149-8A6D-06CE985080C9}"
EndProject
Project("{FAE04EC0-301F-11D3-BF4B-00C04F79EFBC}") = "Forum.Domain.Test", "Forum.Domain.Test\Forum.Domain.Test.csproj", "{8ACE1B35-380C-448F-970E-1D0722BD6090}"
EndProject
Project("{FAE04EC0-301F-11D3-BF4B-00C04F79EFBC}") = "Forum.Denormalizer", "Forum.Denormalizer\Forum.Denormalizer.csproj", "{433DD072-0748-4440-BA1B-4A0D6E507D3B}"
EndProject
Project("{FAE04EC0-301F-11D3-BF4B-00C04F79EFBC}") = "Forum.QueryService", "Forum.QueryService\Forum.QueryService.csproj", "{FDF791C3-0AAA-4E06-8DD6-3130B79739E2}"
EndProject
Project("{FAE04EC0-301F-11D3-BF4B-00C04F79EFBC}") = "Forum.Web", "Forum.Web\Forum.Web.csproj", "{C0E1AA79-E513-478A-8F18-90747EE794A3}"
EndProject
Project("{FAE04EC0-301F-11D3-BF4B-00C04F79EFBC}") = "Forum.Application", "Forum.Application\Forum.Application.csproj", "{6E455941-9A2F-42D9-82A7-153432BE5743}"
EndProject
Project("{2150E333-8FDC-42A3-9474-1A3956D46DE8}") = "Scripts", "Scripts", "{E84533C2-AD28-4E65-AD8A-5A57953D9BF7}"
	ProjectSection(SolutionItems) = preProject
		SetupQueryDB.sql = SetupQueryDB.sql
	EndProjectSection
EndProject
Project("{FAE04EC0-301F-11D3-BF4B-00C04F79EFBC}") = "Forum.Repository", "Forum.Repositories\Forum.Repository.csproj", "{A9F81ED0-EC51-4653-85E8-3BC677742F4F}"
EndProject
Global
	GlobalSection(SolutionConfigurationPlatforms) = preSolution
		Debug|Any CPU = Debug|Any CPU
		Release|Any CPU = Release|Any CPU
	EndGlobalSection
	GlobalSection(ProjectConfigurationPlatforms) = postSolution
		{5A4055C3-89BC-4149-8A6D-06CE985080C9}.Debug|Any CPU.ActiveCfg = Debug|Any CPU
		{5A4055C3-89BC-4149-8A6D-06CE985080C9}.Debug|Any CPU.Build.0 = Debug|Any CPU
		{5A4055C3-89BC-4149-8A6D-06CE985080C9}.Release|Any CPU.ActiveCfg = Release|Any CPU
		{5A4055C3-89BC-4149-8A6D-06CE985080C9}.Release|Any CPU.Build.0 = Release|Any CPU
		{8ACE1B35-380C-448F-970E-1D0722BD6090}.Debug|Any CPU.ActiveCfg = Debug|Any CPU
		{8ACE1B35-380C-448F-970E-1D0722BD6090}.Debug|Any CPU.Build.0 = Debug|Any CPU
		{8ACE1B35-380C-448F-970E-1D0722BD6090}.Release|Any CPU.ActiveCfg = Release|Any CPU
		{8ACE1B35-380C-448F-970E-1D0722BD6090}.Release|Any CPU.Build.0 = Release|Any CPU
		{433DD072-0748-4440-BA1B-4A0D6E507D3B}.Debug|Any CPU.ActiveCfg = Debug|Any CPU
		{433DD072-0748-4440-BA1B-4A0D6E507D3B}.Debug|Any CPU.Build.0 = Debug|Any CPU
		{433DD072-0748-4440-BA1B-4A0D6E507D3B}.Release|Any CPU.ActiveCfg = Release|Any CPU
		{433DD072-0748-4440-BA1B-4A0D6E507D3B}.Release|Any CPU.Build.0 = Release|Any CPU
		{FDF791C3-0AAA-4E06-8DD6-3130B79739E2}.Debug|Any CPU.ActiveCfg = Debug|Any CPU
		{FDF791C3-0AAA-4E06-8DD6-3130B79739E2}.Debug|Any CPU.Build.0 = Debug|Any CPU
		{FDF791C3-0AAA-4E06-8DD6-3130B79739E2}.Release|Any CPU.ActiveCfg = Release|Any CPU
		{FDF791C3-0AAA-4E06-8DD6-3130B79739E2}.Release|Any CPU.Build.0 = Release|Any CPU
		{C0E1AA79-E513-478A-8F18-90747EE794A3}.Debug|Any CPU.ActiveCfg = Debug|Any CPU
		{C0E1AA79-E513-478A-8F18-90747EE794A3}.Debug|Any CPU.Build.0 = Debug|Any CPU
		{C0E1AA79-E513-478A-8F18-90747EE794A3}.Release|Any CPU.ActiveCfg = Release|Any CPU
		{C0E1AA79-E513-478A-8F18-90747EE794A3}.Release|Any CPU.Build.0 = Release|Any CPU
		{6E455941-9A2F-42D9-82A7-153432BE5743}.Debug|Any CPU.ActiveCfg = Debug|Any CPU
		{6E455941-9A2F-42D9-82A7-153432BE5743}.Debug|Any CPU.Build.0 = Debug|Any CPU
		{6E455941-9A2F-42D9-82A7-153432BE5743}.Release|Any CPU.ActiveCfg = Release|Any CPU
		{6E455941-9A2F-42D9-82A7-153432BE5743}.Release|Any CPU.Build.0 = Release|Any CPU
		{A9F81ED0-EC51-4653-85E8-3BC677742F4F}.Debug|Any CPU.ActiveCfg = Debug|Any CPU
		{A9F81ED0-EC51-4653-85E8-3BC677742F4F}.Debug|Any CPU.Build.0 = Debug|Any CPU
		{A9F81ED0-EC51-4653-85E8-3BC677742F4F}.Release|Any CPU.ActiveCfg = Release|Any CPU
		{A9F81ED0-EC51-4653-85E8-3BC677742F4F}.Release|Any CPU.Build.0 = Release|Any CPU
	EndGlobalSection
	GlobalSection(SolutionProperties) = preSolution
		HideSolutionNode = FALSE
	EndGlobalSection
EndGlobal
