
Microsoft Visual Studio Solution File, Format Version 12.00
# Visual Studio 2013
VisualStudioVersion = 12.0.21005.1
MinimumVisualStudioVersion = 10.0.40219.1
Project("{FAE04EC0-301F-11D3-BF4B-00C04F79EFBC}") = "Forum.Domain.Tests", "Forum.Domain.Tests\Forum.Domain.Tests.csproj", "{8ACE1B35-380C-448F-970E-1D0722BD6090}"
EndProject
Project("{FAE04EC0-301F-11D3-BF4B-00C04F79EFBC}") = "Forum.CommandHandlers", "Forum.CommandHandlers\Forum.CommandHandlers.csproj", "{985E2001-F607-44BF-A84B-31E9B7D89D0C}"
EndProject
Project("{FAE04EC0-301F-11D3-BF4B-00C04F79EFBC}") = "Forum.QueryServices", "Forum.QueryServices\Forum.QueryServices.csproj", "{A0BC4AE4-1CAB-4CBF-9BFB-5365F04C60CE}"
EndProject
Project("{FAE04EC0-301F-11D3-BF4B-00C04F79EFBC}") = "Forum.Commands", "Forum.Commands\Forum.Commands.csproj", "{7787EC6C-9CF3-401C-803A-B4DA2B0CA9EF}"
EndProject
Project("{FAE04EC0-301F-11D3-BF4B-00C04F79EFBC}") = "Forum.Infrastructure", "Forum.Infrastructure\Forum.Infrastructure.csproj", "{86985782-8588-48DA-81AB-FFD3B855C73C}"
EndProject
Project("{FAE04EC0-301F-11D3-BF4B-00C04F79EFBC}") = "Forum.Denormalizers.Dapper", "Forum.Denormalizers.Dapper\Forum.Denormalizers.Dapper.csproj", "{433DD072-0748-4440-BA1B-4A0D6E507D3B}"
EndProject
Project("{FAE04EC0-301F-11D3-BF4B-00C04F79EFBC}") = "Forum.QueryServices.Dapper", "Forum.QueryServices.Dapper\Forum.QueryServices.Dapper.csproj", "{228E2C43-CD92-4B49-817D-3FBFBB9C50C4}"
EndProject
Project("{FAE04EC0-301F-11D3-BF4B-00C04F79EFBC}") = "Forum.Domain.Repositories.Dapper", "Forum.Domain.Repositories.Dapper\Forum.Domain.Repositories.Dapper.csproj", "{B229FFFE-0F61-4EC7-88A5-5E76197F476C}"
EndProject
Project("{FAE04EC0-301F-11D3-BF4B-00C04F79EFBC}") = "Forum.Domain", "Forum.Domain\Forum.Domain.csproj", "{5A4055C3-89BC-4149-8A6D-06CE985080C9}"
EndProject
Project("{FAE04EC0-301F-11D3-BF4B-00C04F79EFBC}") = "Forum.EventSynchronizers", "Forum.EventSynchronizers\Forum.EventSynchronizers.csproj", "{CCFC7288-0D7F-4028-AED5-FA8DDBE84339}"
EndProject
Project("{FAE04EC0-301F-11D3-BF4B-00C04F79EFBC}") = "Forum.Api", "Forum.Api\Forum.Api.csproj", "{1DB09360-C090-43D3-A981-EAFB25E1D536}"
EndProject
Project("{FAE04EC0-301F-11D3-BF4B-00C04F79EFBC}") = "Forum.Web", "Forum.Web\Forum.Web.csproj", "{13DD445C-C062-43B7-AB77-FA4B86B513AA}"
EndProject
Global
	GlobalSection(SolutionConfigurationPlatforms) = preSolution
		Debug|Any CPU = Debug|Any CPU
		Release|Any CPU = Release|Any CPU
	EndGlobalSection
	GlobalSection(ProjectConfigurationPlatforms) = postSolution
		{8ACE1B35-380C-448F-970E-1D0722BD6090}.Debug|Any CPU.ActiveCfg = Debug|Any CPU
		{8ACE1B35-380C-448F-970E-1D0722BD6090}.Debug|Any CPU.Build.0 = Debug|Any CPU
		{8ACE1B35-380C-448F-970E-1D0722BD6090}.Release|Any CPU.ActiveCfg = Release|Any CPU
		{8ACE1B35-380C-448F-970E-1D0722BD6090}.Release|Any CPU.Build.0 = Release|Any CPU
		{985E2001-F607-44BF-A84B-31E9B7D89D0C}.Debug|Any CPU.ActiveCfg = Debug|Any CPU
		{985E2001-F607-44BF-A84B-31E9B7D89D0C}.Debug|Any CPU.Build.0 = Debug|Any CPU
		{985E2001-F607-44BF-A84B-31E9B7D89D0C}.Release|Any CPU.ActiveCfg = Release|Any CPU
		{985E2001-F607-44BF-A84B-31E9B7D89D0C}.Release|Any CPU.Build.0 = Release|Any CPU
		{A0BC4AE4-1CAB-4CBF-9BFB-5365F04C60CE}.Debug|Any CPU.ActiveCfg = Debug|Any CPU
		{A0BC4AE4-1CAB-4CBF-9BFB-5365F04C60CE}.Debug|Any CPU.Build.0 = Debug|Any CPU
		{A0BC4AE4-1CAB-4CBF-9BFB-5365F04C60CE}.Release|Any CPU.ActiveCfg = Release|Any CPU
		{A0BC4AE4-1CAB-4CBF-9BFB-5365F04C60CE}.Release|Any CPU.Build.0 = Release|Any CPU
		{7787EC6C-9CF3-401C-803A-B4DA2B0CA9EF}.Debug|Any CPU.ActiveCfg = Debug|Any CPU
		{7787EC6C-9CF3-401C-803A-B4DA2B0CA9EF}.Debug|Any CPU.Build.0 = Debug|Any CPU
		{7787EC6C-9CF3-401C-803A-B4DA2B0CA9EF}.Release|Any CPU.ActiveCfg = Release|Any CPU
		{7787EC6C-9CF3-401C-803A-B4DA2B0CA9EF}.Release|Any CPU.Build.0 = Release|Any CPU
		{86985782-8588-48DA-81AB-FFD3B855C73C}.Debug|Any CPU.ActiveCfg = Debug|Any CPU
		{86985782-8588-48DA-81AB-FFD3B855C73C}.Debug|Any CPU.Build.0 = Debug|Any CPU
		{86985782-8588-48DA-81AB-FFD3B855C73C}.Release|Any CPU.ActiveCfg = Release|Any CPU
		{86985782-8588-48DA-81AB-FFD3B855C73C}.Release|Any CPU.Build.0 = Release|Any CPU
		{433DD072-0748-4440-BA1B-4A0D6E507D3B}.Debug|Any CPU.ActiveCfg = Debug|Any CPU
		{433DD072-0748-4440-BA1B-4A0D6E507D3B}.Debug|Any CPU.Build.0 = Debug|Any CPU
		{433DD072-0748-4440-BA1B-4A0D6E507D3B}.Release|Any CPU.ActiveCfg = Release|Any CPU
		{433DD072-0748-4440-BA1B-4A0D6E507D3B}.Release|Any CPU.Build.0 = Release|Any CPU
		{228E2C43-CD92-4B49-817D-3FBFBB9C50C4}.Debug|Any CPU.ActiveCfg = Debug|Any CPU
		{228E2C43-CD92-4B49-817D-3FBFBB9C50C4}.Debug|Any CPU.Build.0 = Debug|Any CPU
		{228E2C43-CD92-4B49-817D-3FBFBB9C50C4}.Release|Any CPU.ActiveCfg = Release|Any CPU
		{228E2C43-CD92-4B49-817D-3FBFBB9C50C4}.Release|Any CPU.Build.0 = Release|Any CPU
		{B229FFFE-0F61-4EC7-88A5-5E76197F476C}.Debug|Any CPU.ActiveCfg = Debug|Any CPU
		{B229FFFE-0F61-4EC7-88A5-5E76197F476C}.Debug|Any CPU.Build.0 = Debug|Any CPU
		{B229FFFE-0F61-4EC7-88A5-5E76197F476C}.Release|Any CPU.ActiveCfg = Release|Any CPU
		{B229FFFE-0F61-4EC7-88A5-5E76197F476C}.Release|Any CPU.Build.0 = Release|Any CPU
		{5A4055C3-89BC-4149-8A6D-06CE985080C9}.Debug|Any CPU.ActiveCfg = Debug|Any CPU
		{5A4055C3-89BC-4149-8A6D-06CE985080C9}.Debug|Any CPU.Build.0 = Debug|Any CPU
		{5A4055C3-89BC-4149-8A6D-06CE985080C9}.Release|Any CPU.ActiveCfg = Release|Any CPU
		{5A4055C3-89BC-4149-8A6D-06CE985080C9}.Release|Any CPU.Build.0 = Release|Any CPU
		{CCFC7288-0D7F-4028-AED5-FA8DDBE84339}.Debug|Any CPU.ActiveCfg = Debug|Any CPU
		{CCFC7288-0D7F-4028-AED5-FA8DDBE84339}.Debug|Any CPU.Build.0 = Debug|Any CPU
		{CCFC7288-0D7F-4028-AED5-FA8DDBE84339}.Release|Any CPU.ActiveCfg = Release|Any CPU
		{CCFC7288-0D7F-4028-AED5-FA8DDBE84339}.Release|Any CPU.Build.0 = Release|Any CPU
		{1DB09360-C090-43D3-A981-EAFB25E1D536}.Debug|Any CPU.ActiveCfg = Debug|Any CPU
		{1DB09360-C090-43D3-A981-EAFB25E1D536}.Debug|Any CPU.Build.0 = Debug|Any CPU
		{1DB09360-C090-43D3-A981-EAFB25E1D536}.Release|Any CPU.ActiveCfg = Release|Any CPU
		{1DB09360-C090-43D3-A981-EAFB25E1D536}.Release|Any CPU.Build.0 = Release|Any CPU
		{13DD445C-C062-43B7-AB77-FA4B86B513AA}.Debug|Any CPU.ActiveCfg = Debug|Any CPU
		{13DD445C-C062-43B7-AB77-FA4B86B513AA}.Debug|Any CPU.Build.0 = Debug|Any CPU
		{13DD445C-C062-43B7-AB77-FA4B86B513AA}.Release|Any CPU.ActiveCfg = Release|Any CPU
		{13DD445C-C062-43B7-AB77-FA4B86B513AA}.Release|Any CPU.Build.0 = Release|Any CPU
	EndGlobalSection
	GlobalSection(SolutionProperties) = preSolution
		HideSolutionNode = FALSE
	EndGlobalSection
EndGlobal
