
Microsoft Visual Studio Solution File, Format Version 12.00
# Visual Studio 15
VisualStudioVersion = 15.0.26730.16
MinimumVisualStudioVersion = 10.0.40219.1
Project("{FAE04EC0-301F-11D3-BF4B-00C04F79EFBC}") = "Forum.CommandHandlers", "Forum.CommandHandlers\Forum.CommandHandlers.csproj", "{985E2001-F607-44BF-A84B-31E9B7D89D0C}"
EndProject
Project("{FAE04EC0-301F-11D3-BF4B-00C04F79EFBC}") = "Forum.QueryServices", "Forum.QueryServices\Forum.QueryServices.csproj", "{A0BC4AE4-1CAB-4CBF-9BFB-5365F04C60CE}"
EndProject
Project("{FAE04EC0-301F-11D3-BF4B-00C04F79EFBC}") = "Forum.Commands", "Forum.Commands\Forum.Commands.csproj", "{7787EC6C-9CF3-401C-803A-B4DA2B0CA9EF}"
EndProject
Project("{FAE04EC0-301F-11D3-BF4B-00C04F79EFBC}") = "Forum.Infrastructure", "Forum.Infrastructure\Forum.Infrastructure.csproj", "{86985782-8588-48DA-81AB-FFD3B855C73C}"
EndProject
Project("{FAE04EC0-301F-11D3-BF4B-00C04F79EFBC}") = "Forum.QueryServices.Dapper", "Forum.QueryServices.Dapper\Forum.QueryServices.Dapper.csproj", "{228E2C43-CD92-4B49-817D-3FBFBB9C50C4}"
EndProject
Project("{FAE04EC0-301F-11D3-BF4B-00C04F79EFBC}") = "Forum.Domain", "Forum.Domain\Forum.Domain.csproj", "{5A4055C3-89BC-4149-8A6D-06CE985080C9}"
EndProject
Project("{2150E333-8FDC-42A3-9474-1A3956D46DE8}") = "Hosts", "Hosts", "{9C48549C-7E4F-4D88-AAAE-6809D604D282}"
EndProject
Project("{FAE04EC0-301F-11D3-BF4B-00C04F79EFBC}") = "Forum.BrokerService", "Forum.BrokerService\Forum.BrokerService.csproj", "{67C0FA69-1233-4217-B6F0-C65658CAC8CE}"
EndProject
Project("{FAE04EC0-301F-11D3-BF4B-00C04F79EFBC}") = "Forum.CommandService", "Forum.CommandService\Forum.CommandService.csproj", "{6CE6AB8F-FA95-4E28-AF7C-45125E61609E}"
EndProject
Project("{FAE04EC0-301F-11D3-BF4B-00C04F79EFBC}") = "Forum.EventService", "Forum.EventService\Forum.EventService.csproj", "{B29D46C2-A4D4-492E-A154-03F7DF07BA86}"
EndProject
Project("{FAE04EC0-301F-11D3-BF4B-00C04F79EFBC}") = "Forum.Domain.Dapper", "Forum.Domain.Dapper\Forum.Domain.Dapper.csproj", "{6AD347F8-D02E-4AAA-A72B-C4AD93971986}"
EndProject
Project("{2150E333-8FDC-42A3-9474-1A3956D46DE8}") = "Scripts", "Scripts", "{F81032E5-B6FE-4697-93C4-53F5A54E8C82}"
	ProjectSection(SolutionItems) = preProject
		Scripts\InstallDB.sql = Scripts\InstallDB.sql
	EndProjectSection
EndProject
Project("{FAE04EC0-301F-11D3-BF4B-00C04F79EFBC}") = "Forum.Denormalizers.Dapper", "Forum.Denormalizers.Dapper\Forum.Denormalizers.Dapper.csproj", "{433DD072-0748-4440-BA1B-4A0D6E507D3B}"
EndProject
Project("{FAE04EC0-301F-11D3-BF4B-00C04F79EFBC}") = "Forum.ProcessManagers", "Forum.ProcessManagers\Forum.ProcessManagers.csproj", "{9790A5C5-38E6-4318-97F1-A07E3B2CBD8D}"
EndProject
Project("{FAE04EC0-301F-11D3-BF4B-00C04F79EFBC}") = "Forum.NameServerService", "Forum.NameServerService\Forum.NameServerService.csproj", "{AEA1C1C8-AE49-4CEC-83AE-4FCF8C7FD742}"
EndProject
Project("{9A19103F-16F7-4668-BE54-9A1E7A4F7556}") = "Forum.Web", "Forum.Web\Forum.Web.csproj", "{8192AFE4-8367-4BAD-A278-60FD2EADFF2A}"
EndProject
Project("{FAE04EC0-301F-11D3-BF4B-00C04F79EFBC}") = "Forum.Web2", "..\MyProjects\forum\Forum.Web2\Forum.Web2.csproj", "{13DD445C-C062-43B7-AB77-FA4B86B513AA}"
EndProject
Global
	GlobalSection(SolutionConfigurationPlatforms) = preSolution
		Debug|Any CPU = Debug|Any CPU
		Release|Any CPU = Release|Any CPU
	EndGlobalSection
	GlobalSection(ProjectConfigurationPlatforms) = postSolution
		{985E2001-F607-44BF-A84B-31E9B7D89D0C}.Debug|Any CPU.ActiveCfg = Debug|Any CPU
		{985E2001-F607-44BF-A84B-31E9B7D89D0C}.Debug|Any CPU.Build.0 = Debug|Any CPU
		{985E2001-F607-44BF-A84B-31E9B7D89D0C}.Release|Any CPU.ActiveCfg = Release|Any CPU
		{985E2001-F607-44BF-A84B-31E9B7D89D0C}.Release|Any CPU.Build.0 = Release|Any CPU
		{A0BC4AE4-1CAB-4CBF-9BFB-5365F04C60CE}.Debug|Any CPU.ActiveCfg = Debug|Any CPU
		{A0BC4AE4-1CAB-4CBF-9BFB-5365F04C60CE}.Debug|Any CPU.Build.0 = Debug|Any CPU
		{A0BC4AE4-1CAB-4CBF-9BFB-5365F04C60CE}.Release|Any CPU.ActiveCfg = Release|Any CPU
		{A0BC4AE4-1CAB-4CBF-9BFB-5365F04C60CE}.Release|Any CPU.Build.0 = Release|Any CPU
		{7787EC6C-9CF3-401C-803A-B4DA2B0CA9EF}.Debug|Any CPU.ActiveCfg = Debug|Any CPU
		{7787EC6C-9CF3-401C-803A-B4DA2B0CA9EF}.Debug|Any CPU.Build.0 = Debug|Any CPU
		{7787EC6C-9CF3-401C-803A-B4DA2B0CA9EF}.Release|Any CPU.ActiveCfg = Release|Any CPU
		{7787EC6C-9CF3-401C-803A-B4DA2B0CA9EF}.Release|Any CPU.Build.0 = Release|Any CPU
		{86985782-8588-48DA-81AB-FFD3B855C73C}.Debug|Any CPU.ActiveCfg = Debug|Any CPU
		{86985782-8588-48DA-81AB-FFD3B855C73C}.Debug|Any CPU.Build.0 = Debug|Any CPU
		{86985782-8588-48DA-81AB-FFD3B855C73C}.Release|Any CPU.ActiveCfg = Release|Any CPU
		{86985782-8588-48DA-81AB-FFD3B855C73C}.Release|Any CPU.Build.0 = Release|Any CPU
		{228E2C43-CD92-4B49-817D-3FBFBB9C50C4}.Debug|Any CPU.ActiveCfg = Debug|Any CPU
		{228E2C43-CD92-4B49-817D-3FBFBB9C50C4}.Debug|Any CPU.Build.0 = Debug|Any CPU
		{228E2C43-CD92-4B49-817D-3FBFBB9C50C4}.Release|Any CPU.ActiveCfg = Release|Any CPU
		{228E2C43-CD92-4B49-817D-3FBFBB9C50C4}.Release|Any CPU.Build.0 = Release|Any CPU
		{5A4055C3-89BC-4149-8A6D-06CE985080C9}.Debug|Any CPU.ActiveCfg = Debug|Any CPU
		{5A4055C3-89BC-4149-8A6D-06CE985080C9}.Debug|Any CPU.Build.0 = Debug|Any CPU
		{5A4055C3-89BC-4149-8A6D-06CE985080C9}.Release|Any CPU.ActiveCfg = Release|Any CPU
		{5A4055C3-89BC-4149-8A6D-06CE985080C9}.Release|Any CPU.Build.0 = Release|Any CPU
		{67C0FA69-1233-4217-B6F0-C65658CAC8CE}.Debug|Any CPU.ActiveCfg = Debug|Any CPU
		{67C0FA69-1233-4217-B6F0-C65658CAC8CE}.Debug|Any CPU.Build.0 = Debug|Any CPU
		{67C0FA69-1233-4217-B6F0-C65658CAC8CE}.Release|Any CPU.ActiveCfg = Release|Any CPU
		{67C0FA69-1233-4217-B6F0-C65658CAC8CE}.Release|Any CPU.Build.0 = Release|Any CPU
		{6CE6AB8F-FA95-4E28-AF7C-45125E61609E}.Debug|Any CPU.ActiveCfg = Debug|Any CPU
		{6CE6AB8F-FA95-4E28-AF7C-45125E61609E}.Debug|Any CPU.Build.0 = Debug|Any CPU
		{6CE6AB8F-FA95-4E28-AF7C-45125E61609E}.Release|Any CPU.ActiveCfg = Release|Any CPU
		{6CE6AB8F-FA95-4E28-AF7C-45125E61609E}.Release|Any CPU.Build.0 = Release|Any CPU
		{B29D46C2-A4D4-492E-A154-03F7DF07BA86}.Debug|Any CPU.ActiveCfg = Debug|Any CPU
		{B29D46C2-A4D4-492E-A154-03F7DF07BA86}.Debug|Any CPU.Build.0 = Debug|Any CPU
		{B29D46C2-A4D4-492E-A154-03F7DF07BA86}.Release|Any CPU.ActiveCfg = Release|Any CPU
		{B29D46C2-A4D4-492E-A154-03F7DF07BA86}.Release|Any CPU.Build.0 = Release|Any CPU
		{6AD347F8-D02E-4AAA-A72B-C4AD93971986}.Debug|Any CPU.ActiveCfg = Debug|Any CPU
		{6AD347F8-D02E-4AAA-A72B-C4AD93971986}.Debug|Any CPU.Build.0 = Debug|Any CPU
		{6AD347F8-D02E-4AAA-A72B-C4AD93971986}.Release|Any CPU.ActiveCfg = Release|Any CPU
		{6AD347F8-D02E-4AAA-A72B-C4AD93971986}.Release|Any CPU.Build.0 = Release|Any CPU
		{433DD072-0748-4440-BA1B-4A0D6E507D3B}.Debug|Any CPU.ActiveCfg = Debug|Any CPU
		{433DD072-0748-4440-BA1B-4A0D6E507D3B}.Debug|Any CPU.Build.0 = Debug|Any CPU
		{433DD072-0748-4440-BA1B-4A0D6E507D3B}.Release|Any CPU.ActiveCfg = Release|Any CPU
		{433DD072-0748-4440-BA1B-4A0D6E507D3B}.Release|Any CPU.Build.0 = Release|Any CPU
		{9790A5C5-38E6-4318-97F1-A07E3B2CBD8D}.Debug|Any CPU.ActiveCfg = Debug|Any CPU
		{9790A5C5-38E6-4318-97F1-A07E3B2CBD8D}.Debug|Any CPU.Build.0 = Debug|Any CPU
		{9790A5C5-38E6-4318-97F1-A07E3B2CBD8D}.Release|Any CPU.ActiveCfg = Release|Any CPU
		{9790A5C5-38E6-4318-97F1-A07E3B2CBD8D}.Release|Any CPU.Build.0 = Release|Any CPU
		{AEA1C1C8-AE49-4CEC-83AE-4FCF8C7FD742}.Debug|Any CPU.ActiveCfg = Debug|Any CPU
		{AEA1C1C8-AE49-4CEC-83AE-4FCF8C7FD742}.Debug|Any CPU.Build.0 = Debug|Any CPU
		{AEA1C1C8-AE49-4CEC-83AE-4FCF8C7FD742}.Release|Any CPU.ActiveCfg = Release|Any CPU
		{AEA1C1C8-AE49-4CEC-83AE-4FCF8C7FD742}.Release|Any CPU.Build.0 = Release|Any CPU
		{8192AFE4-8367-4BAD-A278-60FD2EADFF2A}.Debug|Any CPU.ActiveCfg = Debug|Any CPU
		{8192AFE4-8367-4BAD-A278-60FD2EADFF2A}.Debug|Any CPU.Build.0 = Debug|Any CPU
		{8192AFE4-8367-4BAD-A278-60FD2EADFF2A}.Release|Any CPU.ActiveCfg = Release|Any CPU
		{8192AFE4-8367-4BAD-A278-60FD2EADFF2A}.Release|Any CPU.Build.0 = Release|Any CPU
		{13DD445C-C062-43B7-AB77-FA4B86B513AA}.Debug|Any CPU.ActiveCfg = Debug|Any CPU
		{13DD445C-C062-43B7-AB77-FA4B86B513AA}.Debug|Any CPU.Build.0 = Debug|Any CPU
		{13DD445C-C062-43B7-AB77-FA4B86B513AA}.Release|Any CPU.ActiveCfg = Release|Any CPU
		{13DD445C-C062-43B7-AB77-FA4B86B513AA}.Release|Any CPU.Build.0 = Release|Any CPU
	EndGlobalSection
	GlobalSection(SolutionProperties) = preSolution
		HideSolutionNode = FALSE
	EndGlobalSection
	GlobalSection(NestedProjects) = preSolution
		{67C0FA69-1233-4217-B6F0-C65658CAC8CE} = {9C48549C-7E4F-4D88-AAAE-6809D604D282}
		{6CE6AB8F-FA95-4E28-AF7C-45125E61609E} = {9C48549C-7E4F-4D88-AAAE-6809D604D282}
		{B29D46C2-A4D4-492E-A154-03F7DF07BA86} = {9C48549C-7E4F-4D88-AAAE-6809D604D282}
		{AEA1C1C8-AE49-4CEC-83AE-4FCF8C7FD742} = {9C48549C-7E4F-4D88-AAAE-6809D604D282}
		{8192AFE4-8367-4BAD-A278-60FD2EADFF2A} = {9C48549C-7E4F-4D88-AAAE-6809D604D282}
		{13DD445C-C062-43B7-AB77-FA4B86B513AA} = {9C48549C-7E4F-4D88-AAAE-6809D604D282}
	EndGlobalSection
	GlobalSection(ExtensibilityGlobals) = postSolution
		SolutionGuid = {0F96F643-9749-44BA-9546-B838DC0290EF}
	EndGlobalSection
EndGlobal
